
Microsoft Visual Studio Solution File, Format Version 12.00
# Visual Studio Version 17
VisualStudioVersion = 17.8.34205.153
MinimumVisualStudioVersion = 10.0.40219.1
Project("{FAE04EC0-301F-11D3-BF4B-00C04F79EFBC}") = "AppShell", "AppShell\AppShell.csproj", "{DAFECEDD-824F-4EAA-BE01-1B21B9BDF2CB}"
EndProject
Global
	GlobalSection(SolutionConfigurationPlatforms) = preSolution
		Debug|Any CPU = Debug|Any CPU
		Release|Any CPU = Release|Any CPU
	EndGlobalSection
	GlobalSection(ProjectConfigurationPlatforms) = postSolution
		{DAFECEDD-824F-4EAA-BE01-1B21B9BDF2CB}.Debug|Any CPU.ActiveCfg = Debug|Any CPU
		{DAFECEDD-824F-4EAA-BE01-1B21B9BDF2CB}.Debug|Any CPU.Build.0 = Debug|Any CPU
		{DAFECEDD-824F-4EAA-BE01-1B21B9BDF2CB}.Debug|Any CPU.Deploy.0 = Debug|Any CPU
		{DAFECEDD-824F-4EAA-BE01-1B21B9BDF2CB}.Release|Any CPU.ActiveCfg = Release|Any CPU
		{DAFECEDD-824F-4EAA-BE01-1B21B9BDF2CB}.Release|Any CPU.Build.0 = Release|Any CPU
		{DAFECEDD-824F-4EAA-BE01-1B21B9BDF2CB}.Release|Any CPU.Deploy.0 = Release|Any CPU
	EndGlobalSection
	GlobalSection(SolutionProperties) = preSolution
		HideSolutionNode = FALSE
	EndGlobalSection
	GlobalSection(ExtensibilityGlobals) = postSolution
		SolutionGuid = {81B9E9E9-2435-40C6-888C-618D009636A9}
	EndGlobalSection
EndGlobal
